
Microsoft Visual Studio Solution File, Format Version 12.00
# Visual Studio Version 17
VisualStudioVersion = 17.8.34309.116
MinimumVisualStudioVersion = 10.0.40219.1
Project("{FAE04EC0-301F-11D3-BF4B-00C04F79EFBC}") = "MauiEssentialBug", "MauiEssentialBug\MauiEssentialBug.csproj", "{661E1A63-C40D-4407-A24A-940AEFDC8E6B}"
EndProject
Global
	GlobalSection(SolutionConfigurationPlatforms) = preSolution
		Debug|Any CPU = Debug|Any CPU
		Release|Any CPU = Release|Any CPU
	EndGlobalSection
	GlobalSection(ProjectConfigurationPlatforms) = postSolution
		{661E1A63-C40D-4407-A24A-940AEFDC8E6B}.Debug|Any CPU.ActiveCfg = Debug|Any CPU
		{661E1A63-C40D-4407-A24A-940AEFDC8E6B}.Debug|Any CPU.Build.0 = Debug|Any CPU
		{661E1A63-C40D-4407-A24A-940AEFDC8E6B}.Release|Any CPU.ActiveCfg = Release|Any CPU
		{661E1A63-C40D-4407-A24A-940AEFDC8E6B}.Release|Any CPU.Build.0 = Release|Any CPU
	EndGlobalSection
	GlobalSection(SolutionProperties) = preSolution
		HideSolutionNode = FALSE
	EndGlobalSection
	GlobalSection(ExtensibilityGlobals) = postSolution
		SolutionGuid = {0389F932-B428-4ECB-BAAA-04BC92915722}
	EndGlobalSection
EndGlobal
